
Microsoft Visual Studio Solution File, Format Version 12.00
# Visual Studio Version 18
VisualStudioVersion = 18.1.11312.151
MinimumVisualStudioVersion = 10.0.40219.1
Project("{FAE04EC0-301F-11D3-BF4B-00C04F79EFBC}") = "PyroGeoBlazor.Demo", "PyroGeoBlazor.Demo\PyroGeoBlazor.Demo.csproj", "{904D45D8-66F0-4245-98DE-6D8F6920C749}"
EndProject
Project("{FAE04EC0-301F-11D3-BF4B-00C04F79EFBC}") = "PyroGeoBlazor.Leaflet", "PyroGeoBlazor.Leaflet\PyroGeoBlazor.Leaflet.csproj", "{0B9020B0-C0C5-4D36-B57E-34549DD24E90}"
EndProject
Project("{2150E333-8FDC-42A3-9474-1A3956D46DE8}") = "Solution Items", "Solution Items", "{9A5B4E5A-1426-463D-B1C6-B2CCEF591C82}"
	ProjectSection(SolutionItems) = preProject
		README.md = README.md
	EndProjectSection
EndProject
Project("{2150E333-8FDC-42A3-9474-1A3956D46DE8}") = "tests", "tests", "{0AB3BF05-4346-4AA6-1389-037BE0695223}"
EndProject
Project("{FAE04EC0-301F-11D3-BF4B-00C04F79EFBC}") = "PyroGeoBlazor.IntegrationTests", "tests\PyroGeoBlazor.IntegrationTests\PyroGeoBlazor.IntegrationTests.csproj", "{D8DB1DE3-A57A-4AD7-AC4E-0AFB133EAB6B}"
EndProject
Project("{FAE04EC0-301F-11D3-BF4B-00C04F79EFBC}") = "PyroGeoBlazor.Leaflet.Tests.Unit", "tests\PyroGeoBlazor.Leaflet.Tests.Unit\PyroGeoBlazor.Leaflet.Tests.Unit.csproj", "{171B069C-D3BF-4DFA-8463-D42819E209D9}"
EndProject
Project("{FAE04EC0-301F-11D3-BF4B-00C04F79EFBC}") = "PyroGeoBlazor", "PyroGeoBlazor\PyroGeoBlazor.csproj", "{B6EAD03C-0CB3-4D3E-8F87-5F18D36DA1AA}"
EndProject
Project("{FAE04EC0-301F-11D3-BF4B-00C04F79EFBC}") = "PyroGeoBlazor.Tests.Unit", "tests\PyroGeoBlazor.Tests.Unit\PyroGeoBlazor.Tests.Unit.csproj", "{F8599A8D-9E39-4021-8AB6-26FFD2A55FFC}"
EndProject
Global
	GlobalSection(SolutionConfigurationPlatforms) = preSolution
		Debug|Any CPU = Debug|Any CPU
		Debug|x64 = Debug|x64
		Debug|x86 = Debug|x86
		Release|Any CPU = Release|Any CPU
		Release|x64 = Release|x64
		Release|x86 = Release|x86
	EndGlobalSection
	GlobalSection(ProjectConfigurationPlatforms) = postSolution
		{904D45D8-66F0-4245-98DE-6D8F6920C749}.Debug|Any CPU.ActiveCfg = Debug|Any CPU
		{904D45D8-66F0-4245-98DE-6D8F6920C749}.Debug|Any CPU.Build.0 = Debug|Any CPU
		{904D45D8-66F0-4245-98DE-6D8F6920C749}.Debug|x64.ActiveCfg = Debug|Any CPU
		{904D45D8-66F0-4245-98DE-6D8F6920C749}.Debug|x64.Build.0 = Debug|Any CPU
		{904D45D8-66F0-4245-98DE-6D8F6920C749}.Debug|x86.ActiveCfg = Debug|Any CPU
		{904D45D8-66F0-4245-98DE-6D8F6920C749}.Debug|x86.Build.0 = Debug|Any CPU
		{904D45D8-66F0-4245-98DE-6D8F6920C749}.Release|Any CPU.ActiveCfg = Release|Any CPU
		{904D45D8-66F0-4245-98DE-6D8F6920C749}.Release|Any CPU.Build.0 = Release|Any CPU
		{904D45D8-66F0-4245-98DE-6D8F6920C749}.Release|x64.ActiveCfg = Release|Any CPU
		{904D45D8-66F0-4245-98DE-6D8F6920C749}.Release|x64.Build.0 = Release|Any CPU
		{904D45D8-66F0-4245-98DE-6D8F6920C749}.Release|x86.ActiveCfg = Release|Any CPU
		{904D45D8-66F0-4245-98DE-6D8F6920C749}.Release|x86.Build.0 = Release|Any CPU
		{0B9020B0-C0C5-4D36-B57E-34549DD24E90}.Debug|Any CPU.ActiveCfg = Debug|Any CPU
		{0B9020B0-C0C5-4D36-B57E-34549DD24E90}.Debug|Any CPU.Build.0 = Debug|Any CPU
		{0B9020B0-C0C5-4D36-B57E-34549DD24E90}.Debug|x64.ActiveCfg = Debug|Any CPU
		{0B9020B0-C0C5-4D36-B57E-34549DD24E90}.Debug|x64.Build.0 = Debug|Any CPU
		{0B9020B0-C0C5-4D36-B57E-34549DD24E90}.Debug|x86.ActiveCfg = Debug|Any CPU
		{0B9020B0-C0C5-4D36-B57E-34549DD24E90}.Debug|x86.Build.0 = Debug|Any CPU
		{0B9020B0-C0C5-4D36-B57E-34549DD24E90}.Release|Any CPU.ActiveCfg = Release|Any CPU
		{0B9020B0-C0C5-4D36-B57E-34549DD24E90}.Release|Any CPU.Build.0 = Release|Any CPU
		{0B9020B0-C0C5-4D36-B57E-34549DD24E90}.Release|x64.ActiveCfg = Release|Any CPU
		{0B9020B0-C0C5-4D36-B57E-34549DD24E90}.Release|x64.Build.0 = Release|Any CPU
		{0B9020B0-C0C5-4D36-B57E-34549DD24E90}.Release|x86.ActiveCfg = Release|Any CPU
		{0B9020B0-C0C5-4D36-B57E-34549DD24E90}.Release|x86.Build.0 = Release|Any CPU
		{D8DB1DE3-A57A-4AD7-AC4E-0AFB133EAB6B}.Debug|Any CPU.ActiveCfg = Debug|Any CPU
		{D8DB1DE3-A57A-4AD7-AC4E-0AFB133EAB6B}.Debug|Any CPU.Build.0 = Debug|Any CPU
		{D8DB1DE3-A57A-4AD7-AC4E-0AFB133EAB6B}.Debug|x64.ActiveCfg = Debug|Any CPU
		{D8DB1DE3-A57A-4AD7-AC4E-0AFB133EAB6B}.Debug|x64.Build.0 = Debug|Any CPU
		{D8DB1DE3-A57A-4AD7-AC4E-0AFB133EAB6B}.Debug|x86.ActiveCfg = Debug|Any CPU
		{D8DB1DE3-A57A-4AD7-AC4E-0AFB133EAB6B}.Debug|x86.Build.0 = Debug|Any CPU
		{D8DB1DE3-A57A-4AD7-AC4E-0AFB133EAB6B}.Release|Any CPU.ActiveCfg = Release|Any CPU
		{D8DB1DE3-A57A-4AD7-AC4E-0AFB133EAB6B}.Release|Any CPU.Build.0 = Release|Any CPU
		{D8DB1DE3-A57A-4AD7-AC4E-0AFB133EAB6B}.Release|x64.ActiveCfg = Release|Any CPU
		{D8DB1DE3-A57A-4AD7-AC4E-0AFB133EAB6B}.Release|x64.Build.0 = Release|Any CPU
		{D8DB1DE3-A57A-4AD7-AC4E-0AFB133EAB6B}.Release|x86.ActiveCfg = Release|Any CPU
		{D8DB1DE3-A57A-4AD7-AC4E-0AFB133EAB6B}.Release|x86.Build.0 = Release|Any CPU
		{171B069C-D3BF-4DFA-8463-D42819E209D9}.Debug|Any CPU.ActiveCfg = Debug|Any CPU
		{171B069C-D3BF-4DFA-8463-D42819E209D9}.Debug|Any CPU.Build.0 = Debug|Any CPU
		{171B069C-D3BF-4DFA-8463-D42819E209D9}.Debug|x64.ActiveCfg = Debug|Any CPU
		{171B069C-D3BF-4DFA-8463-D42819E209D9}.Debug|x64.Build.0 = Debug|Any CPU
		{171B069C-D3BF-4DFA-8463-D42819E209D9}.Debug|x86.ActiveCfg = Debug|Any CPU
		{171B069C-D3BF-4DFA-8463-D42819E209D9}.Debug|x86.Build.0 = Debug|Any CPU
		{171B069C-D3BF-4DFA-8463-D42819E209D9}.Release|Any CPU.ActiveCfg = Release|Any CPU
		{171B069C-D3BF-4DFA-8463-D42819E209D9}.Release|Any CPU.Build.0 = Release|Any CPU
		{171B069C-D3BF-4DFA-8463-D42819E209D9}.Release|x64.ActiveCfg = Release|Any CPU
		{171B069C-D3BF-4DFA-8463-D42819E209D9}.Release|x64.Build.0 = Release|Any CPU
		{171B069C-D3BF-4DFA-8463-D42819E209D9}.Release|x86.ActiveCfg = Release|Any CPU
		{171B069C-D3BF-4DFA-8463-D42819E209D9}.Release|x86.Build.0 = Release|Any CPU
		{B6EAD03C-0CB3-4D3E-8F87-5F18D36DA1AA}.Debug|Any CPU.ActiveCfg = Debug|Any CPU
		{B6EAD03C-0CB3-4D3E-8F87-5F18D36DA1AA}.Debug|Any CPU.Build.0 = Debug|Any CPU
		{B6EAD03C-0CB3-4D3E-8F87-5F18D36DA1AA}.Debug|x64.ActiveCfg = Debug|Any CPU
		{B6EAD03C-0CB3-4D3E-8F87-5F18D36DA1AA}.Debug|x64.Build.0 = Debug|Any CPU
		{B6EAD03C-0CB3-4D3E-8F87-5F18D36DA1AA}.Debug|x86.ActiveCfg = Debug|Any CPU
		{B6EAD03C-0CB3-4D3E-8F87-5F18D36DA1AA}.Debug|x86.Build.0 = Debug|Any CPU
		{B6EAD03C-0CB3-4D3E-8F87-5F18D36DA1AA}.Release|Any CPU.ActiveCfg = Release|Any CPU
		{B6EAD03C-0CB3-4D3E-8F87-5F18D36DA1AA}.Release|Any CPU.Build.0 = Release|Any CPU
		{B6EAD03C-0CB3-4D3E-8F87-5F18D36DA1AA}.Release|x64.ActiveCfg = Release|Any CPU
		{B6EAD03C-0CB3-4D3E-8F87-5F18D36DA1AA}.Release|x64.Build.0 = Release|Any CPU
		{B6EAD03C-0CB3-4D3E-8F87-5F18D36DA1AA}.Release|x86.ActiveCfg = Release|Any CPU
		{B6EAD03C-0CB3-4D3E-8F87-5F18D36DA1AA}.Release|x86.Build.0 = Release|Any CPU
		{F8599A8D-9E39-4021-8AB6-26FFD2A55FFC}.Debug|Any CPU.ActiveCfg = Debug|Any CPU
		{F8599A8D-9E39-4021-8AB6-26FFD2A55FFC}.Debug|Any CPU.Build.0 = Debug|Any CPU
		{F8599A8D-9E39-4021-8AB6-26FFD2A55FFC}.Debug|x64.ActiveCfg = Debug|Any CPU
		{F8599A8D-9E39-4021-8AB6-26FFD2A55FFC}.Debug|x64.Build.0 = Debug|Any CPU
		{F8599A8D-9E39-4021-8AB6-26FFD2A55FFC}.Debug|x86.ActiveCfg = Debug|Any CPU
		{F8599A8D-9E39-4021-8AB6-26FFD2A55FFC}.Debug|x86.Build.0 = Debug|Any CPU
		{F8599A8D-9E39-4021-8AB6-26FFD2A55FFC}.Release|Any CPU.ActiveCfg = Release|Any CPU
		{F8599A8D-9E39-4021-8AB6-26FFD2A55FFC}.Release|Any CPU.Build.0 = Release|Any CPU
		{F8599A8D-9E39-4021-8AB6-26FFD2A55FFC}.Release|x64.ActiveCfg = Release|Any CPU
		{F8599A8D-9E39-4021-8AB6-26FFD2A55FFC}.Release|x64.Build.0 = Release|Any CPU
		{F8599A8D-9E39-4021-8AB6-26FFD2A55FFC}.Release|x86.ActiveCfg = Release|Any CPU
		{F8599A8D-9E39-4021-8AB6-26FFD2A55FFC}.Release|x86.Build.0 = Release|Any CPU
	EndGlobalSection
	GlobalSection(SolutionProperties) = preSolution
		HideSolutionNode = FALSE
	EndGlobalSection
	GlobalSection(NestedProjects) = preSolution
		{D8DB1DE3-A57A-4AD7-AC4E-0AFB133EAB6B} = {0AB3BF05-4346-4AA6-1389-037BE0695223}
		{171B069C-D3BF-4DFA-8463-D42819E209D9} = {0AB3BF05-4346-4AA6-1389-037BE0695223}
		{F8599A8D-9E39-4021-8AB6-26FFD2A55FFC} = {0AB3BF05-4346-4AA6-1389-037BE0695223}
	EndGlobalSection
	GlobalSection(ExtensibilityGlobals) = postSolution
		SolutionGuid = {58844A37-1108-4EDB-82ED-36EDE9DB16C1}
	EndGlobalSection
EndGlobal
