
Microsoft Visual Studio Solution File, Format Version 12.00
# Visual Studio Version 18
VisualStudioVersion = 18.1.11312.151 d18.0
MinimumVisualStudioVersion = 10.0.40219.1
Project("{FAE04EC0-301F-11D3-BF4B-00C04F79EFBC}") = "PyroGeoBlazor.Demo", "PyroGeoBlazor.Demo\PyroGeoBlazor.Demo.csproj", "{904D45D8-66F0-4245-98DE-6D8F6920C749}"
EndProject
Project("{FAE04EC0-301F-11D3-BF4B-00C04F79EFBC}") = "PyroGeoBlazor.Leaflet", "PyroGeoBlazor.Leaflet\PyroGeoBlazor.Leaflet.csproj", "{0B9020B0-C0C5-4D36-B57E-34549DD24E90}"
EndProject
Project("{2150E333-8FDC-42A3-9474-1A3956D46DE8}") = "Solution Items", "Solution Items", "{9A5B4E5A-1426-463D-B1C6-B2CCEF591C82}"
	ProjectSection(SolutionItems) = preProject
		README.md = README.md
	EndProjectSection
EndProject
Global
	GlobalSection(SolutionConfigurationPlatforms) = preSolution
		Debug|Any CPU = Debug|Any CPU
		Release|Any CPU = Release|Any CPU
	EndGlobalSection
	GlobalSection(ProjectConfigurationPlatforms) = postSolution
		{904D45D8-66F0-4245-98DE-6D8F6920C749}.Debug|Any CPU.ActiveCfg = Debug|Any CPU
		{904D45D8-66F0-4245-98DE-6D8F6920C749}.Debug|Any CPU.Build.0 = Debug|Any CPU
		{904D45D8-66F0-4245-98DE-6D8F6920C749}.Release|Any CPU.ActiveCfg = Release|Any CPU
		{904D45D8-66F0-4245-98DE-6D8F6920C749}.Release|Any CPU.Build.0 = Release|Any CPU
		{0B9020B0-C0C5-4D36-B57E-34549DD24E90}.Debug|Any CPU.ActiveCfg = Debug|Any CPU
		{0B9020B0-C0C5-4D36-B57E-34549DD24E90}.Debug|Any CPU.Build.0 = Debug|Any CPU
		{0B9020B0-C0C5-4D36-B57E-34549DD24E90}.Release|Any CPU.ActiveCfg = Release|Any CPU
		{0B9020B0-C0C5-4D36-B57E-34549DD24E90}.Release|Any CPU.Build.0 = Release|Any CPU
	EndGlobalSection
	GlobalSection(SolutionProperties) = preSolution
		HideSolutionNode = FALSE
	EndGlobalSection
	GlobalSection(ExtensibilityGlobals) = postSolution
		SolutionGuid = {58844A37-1108-4EDB-82ED-36EDE9DB16C1}
	EndGlobalSection
EndGlobal
